
Microsoft Visual Studio Solution File, Format Version 12.00
# Visual Studio 15
VisualStudioVersion = 15.0.27130.2027
MinimumVisualStudioVersion = 10.0.40219.1
Project("{9A19103F-16F7-4668-BE54-9A1E7A4F7556}") = "WebApplication1", "WebApplication1\WebApplication1.csproj", "{C33E5725-E1CF-488D-861A-76F4E1353FF7}"
EndProject
Project("{2150E333-8FDC-42A3-9474-1A3956D46DE8}") = "External files", "External files", "{DF3B7ECD-089B-4225-A7EE-9EF29AB4C1A7}"
	ProjectSection(SolutionItems) = preProject
		README.md = README.md
	EndProjectSection
EndProject
Global
	GlobalSection(SolutionConfigurationPlatforms) = preSolution
		Debug|Any CPU = Debug|Any CPU
		Release|Any CPU = Release|Any CPU
	EndGlobalSection
	GlobalSection(ProjectConfigurationPlatforms) = postSolution
		{C33E5725-E1CF-488D-861A-76F4E1353FF7}.Debug|Any CPU.ActiveCfg = Debug|Any CPU
		{C33E5725-E1CF-488D-861A-76F4E1353FF7}.Debug|Any CPU.Build.0 = Debug|Any CPU
		{C33E5725-E1CF-488D-861A-76F4E1353FF7}.Release|Any CPU.ActiveCfg = Release|Any CPU
		{C33E5725-E1CF-488D-861A-76F4E1353FF7}.Release|Any CPU.Build.0 = Release|Any CPU
	EndGlobalSection
	GlobalSection(SolutionProperties) = preSolution
		HideSolutionNode = FALSE
	EndGlobalSection
	GlobalSection(ExtensibilityGlobals) = postSolution
		SolutionGuid = {62794631-B8FE-4597-9BFE-D05963EA15F4}
	EndGlobalSection
EndGlobal
